// !$*UTF8*$!
{
	archiveVersion = 1;
	classes = {
	};
	objectVersion = 50;
	objects = {

/* Begin PBXBuildFile section */
		2BEA8C3B1DCB5042BE93D097 /* Pods_Prueba.framework in Frameworks */ = {isa = PBXBuildFile; fileRef = 7D514F73B47EF77CDE15DE32 /* Pods_Prueba.framework */; };
		7D099CC721759D3300C903FE /* RestaurantListLoader.swift in Sources */ = {isa = PBXBuildFile; fileRef = 7D099CC621759D3300C903FE /* RestaurantListLoader.swift */; };
		7D099CC92175AB6800C903FE /* AlamoRequestRetrier.swift in Sources */ = {isa = PBXBuildFile; fileRef = 7D099CC82175AB6800C903FE /* AlamoRequestRetrier.swift */; };
		7D099CCB2175BCD900C903FE /* AlamoRequestAdapter.swift in Sources */ = {isa = PBXBuildFile; fileRef = 7D099CCA2175BCD900C903FE /* AlamoRequestAdapter.swift */; };
		7D099CCD2175D49A00C903FE /* AuthRetrier.swift in Sources */ = {isa = PBXBuildFile; fileRef = 7D099CCC2175D49A00C903FE /* AuthRetrier.swift */; };
		7D099CCF2175D90000C903FE /* AuthAdapter.swift in Sources */ = {isa = PBXBuildFile; fileRef = 7D099CCE2175D90000C903FE /* AuthAdapter.swift */; };
		7D2724B72176FA13005D7415 /* AbstractRestaurantsFetcher.swift in Sources */ = {isa = PBXBuildFile; fileRef = 7D2724B62176FA13005D7415 /* AbstractRestaurantsFetcher.swift */; };
		7DB784FB21764A5A00984288 /* TokenServiceConfigurator.swift in Sources */ = {isa = PBXBuildFile; fileRef = 7DB784FA21764A5A00984288 /* TokenServiceConfigurator.swift */; };
		7DB784FD21764FC900984288 /* CoreLocation.framework in Frameworks */ = {isa = PBXBuildFile; fileRef = 7DB784FC21764FC900984288 /* CoreLocation.framework */; };
		7DB784FF21764FF000984288 /* CoreLocationLocalizator.swift in Sources */ = {isa = PBXBuildFile; fileRef = 7DB784FE21764FF000984288 /* CoreLocationLocalizator.swift */; };
		7DB78502217651E500984288 /* Localizator.swift in Sources */ = {isa = PBXBuildFile; fileRef = 7DB78501217651E500984288 /* Localizator.swift */; };
		7DB785042176591900984288 /* LocalizatorFactory.swift in Sources */ = {isa = PBXBuildFile; fileRef = 7DB785032176591900984288 /* LocalizatorFactory.swift */; };
		7DB7850621765D7600984288 /* GeoPoint.swift in Sources */ = {isa = PBXBuildFile; fileRef = 7DB7850521765D7600984288 /* GeoPoint.swift */; };
		7DB7850A2176935A00984288 /* MapsConfigurator.swift in Sources */ = {isa = PBXBuildFile; fileRef = 7DB785092176935A00984288 /* MapsConfigurator.swift */; };
		7DB7850D2176944F00984288 /* GoogleMapsConfigurator.swift in Sources */ = {isa = PBXBuildFile; fileRef = 7DB7850C2176944F00984288 /* GoogleMapsConfigurator.swift */; };
		7DB7850F21769BC000984288 /* GoogleMapViewConfigurator.swift in Sources */ = {isa = PBXBuildFile; fileRef = 7DB7850E21769BC000984288 /* GoogleMapViewConfigurator.swift */; };
		7DB7851121769E1200984288 /* MapViewConfiguratorFactory.swift in Sources */ = {isa = PBXBuildFile; fileRef = 7DB7851021769E1200984288 /* MapViewConfiguratorFactory.swift */; };
		7DB7851321769FFC00984288 /* MapViewConfigurator.swift in Sources */ = {isa = PBXBuildFile; fileRef = 7DB7851221769FFC00984288 /* MapViewConfigurator.swift */; };
		7DB785152176A28D00984288 /* RestaurantsMapViewController.swift in Sources */ = {isa = PBXBuildFile; fileRef = 7DB785142176A28D00984288 /* RestaurantsMapViewController.swift */; };
		7DB785172176A31200984288 /* RestaurantsMapActioner.swift in Sources */ = {isa = PBXBuildFile; fileRef = 7DB785162176A31200984288 /* RestaurantsMapActioner.swift */; };
		7DB7851B2176E8E300984288 /* GoogleMapViewConfigurator+Utils.swift in Sources */ = {isa = PBXBuildFile; fileRef = 7DB7851A2176E8E300984288 /* GoogleMapViewConfigurator+Utils.swift */; };
		7DB7851D2176E93D00984288 /* GoogleMapViewConfigurator+MapViewDelegate.swift in Sources */ = {isa = PBXBuildFile; fileRef = 7DB7851C2176E93D00984288 /* GoogleMapViewConfigurator+MapViewDelegate.swift */; };
		7DB785212176ECCB00984288 /* RestaurantsMapFetcher.swift in Sources */ = {isa = PBXBuildFile; fileRef = 7DB785202176ECCB00984288 /* RestaurantsMapFetcher.swift */; };
		7DB785232176F25F00984288 /* RestaurantsMapConfigurator.swift in Sources */ = {isa = PBXBuildFile; fileRef = 7DB785222176F25F00984288 /* RestaurantsMapConfigurator.swift */; };
		7DBD7EE22172A5410010218A /* AppDelegate.swift in Sources */ = {isa = PBXBuildFile; fileRef = 7DBD7EE12172A5410010218A /* AppDelegate.swift */; };
		7DBD7EE72172A5410010218A /* Main.storyboard in Resources */ = {isa = PBXBuildFile; fileRef = 7DBD7EE52172A5410010218A /* Main.storyboard */; };
		7DBD7EE92172A5420010218A /* Assets.xcassets in Resources */ = {isa = PBXBuildFile; fileRef = 7DBD7EE82172A5420010218A /* Assets.xcassets */; };
		7DBD7EEC2172A5420010218A /* LaunchScreen.storyboard in Resources */ = {isa = PBXBuildFile; fileRef = 7DBD7EEA2172A5420010218A /* LaunchScreen.storyboard */; };
		7DBD7EF72172A5420010218A /* PruebaTests.swift in Sources */ = {isa = PBXBuildFile; fileRef = 7DBD7EF62172A5420010218A /* PruebaTests.swift */; };
		7DBD7F03217379290010218A /* Request.swift in Sources */ = {isa = PBXBuildFile; fileRef = 7DBD7F02217379290010218A /* Request.swift */; };
		7DBD7F06217398350010218A /* AlamoRequestConvertible.swift in Sources */ = {isa = PBXBuildFile; fileRef = 7DBD7F05217398350010218A /* AlamoRequestConvertible.swift */; };
		7DBD7F082173B9870010218A /* AlamoRequester.swift in Sources */ = {isa = PBXBuildFile; fileRef = 7DBD7F072173B9870010218A /* AlamoRequester.swift */; };
		7DBD7F0D2173D6820010218A /* RequestConfiguration.swift in Sources */ = {isa = PBXBuildFile; fileRef = 7DBD7F0C2173D6820010218A /* RequestConfiguration.swift */; };
		7DBD7F0F2173D6BE0010218A /* AppConfiguration.swift in Sources */ = {isa = PBXBuildFile; fileRef = 7DBD7F0E2173D6BE0010218A /* AppConfiguration.swift */; };
		7DBD7F132173DAAA0010218A /* TokenService.swift in Sources */ = {isa = PBXBuildFile; fileRef = 7DBD7F122173DAAA0010218A /* TokenService.swift */; };
		7DBD7F18217413210010218A /* TokenRequestConfiguration.swift in Sources */ = {isa = PBXBuildFile; fileRef = 7DBD7F17217413210010218A /* TokenRequestConfiguration.swift */; };
		7DBD7F1B21741B980010218A /* Token.swift in Sources */ = {isa = PBXBuildFile; fileRef = 7DBD7F1A21741B980010218A /* Token.swift */; };
		7DBD7F202174253D0010218A /* KeychainAccess.swift in Sources */ = {isa = PBXBuildFile; fileRef = 7DBD7F1F2174253D0010218A /* KeychainAccess.swift */; };
		7DBD7F2321744E820010218A /* Requester.swift in Sources */ = {isa = PBXBuildFile; fileRef = 7DBD7F2221744E820010218A /* Requester.swift */; };
		7DBD7F262174C2160010218A /* UserDefaults.swift in Sources */ = {isa = PBXBuildFile; fileRef = 7DBD7F252174C2160010218A /* UserDefaults.swift */; };
		7DBD7F282174C9C20010218A /* UserConfiguration.swift in Sources */ = {isa = PBXBuildFile; fileRef = 7DBD7F272174C9C20010218A /* UserConfiguration.swift */; };
		7DBD7F2B2174E99A0010218A /* ConfigurationStorageFactory.swift in Sources */ = {isa = PBXBuildFile; fileRef = 7DBD7F2A2174E99A0010218A /* ConfigurationStorageFactory.swift */; };
		7DBD7F2D2174EA600010218A /* SecureStringStorage.swift in Sources */ = {isa = PBXBuildFile; fileRef = 7DBD7F2C2174EA600010218A /* SecureStringStorage.swift */; };
		7DBD7F2F2174EA9C0010218A /* TokenStorageFactory.swift in Sources */ = {isa = PBXBuildFile; fileRef = 7DBD7F2E2174EA9C0010218A /* TokenStorageFactory.swift */; };
		7DBD7F312174EBCC0010218A /* RequesterFactory.swift in Sources */ = {isa = PBXBuildFile; fileRef = 7DBD7F302174EBCC0010218A /* RequesterFactory.swift */; };
		7DBD7F34217508700010218A /* SearchRestaurantsRequestConfiguration.swift in Sources */ = {isa = PBXBuildFile; fileRef = 7DBD7F33217508700010218A /* SearchRestaurantsRequestConfiguration.swift */; };
		7DBD7F3621751D840010218A /* Restaurant.swift in Sources */ = {isa = PBXBuildFile; fileRef = 7DBD7F3521751D840010218A /* Restaurant.swift */; };
		7DBD7F3B2175244A0010218A /* RestaurantService.swift in Sources */ = {isa = PBXBuildFile; fileRef = 7DBD7F3A2175244A0010218A /* RestaurantService.swift */; };
		7DBD7F3D2175296B0010218A /* RestaurantSearchResult.swift in Sources */ = {isa = PBXBuildFile; fileRef = 7DBD7F3C2175296B0010218A /* RestaurantSearchResult.swift */; };
		7DBD7F3F21752DB60010218A /* Pagination.swift in Sources */ = {isa = PBXBuildFile; fileRef = 7DBD7F3E21752DB60010218A /* Pagination.swift */; };
		7DBD7F4321753CF10010218A /* RestaurantListViewController.swift in Sources */ = {isa = PBXBuildFile; fileRef = 7DBD7F4221753CF10010218A /* RestaurantListViewController.swift */; };
		7DBD7F4621753E7C0010218A /* RestaurantListDataSource.swift in Sources */ = {isa = PBXBuildFile; fileRef = 7DBD7F4521753E7C0010218A /* RestaurantListDataSource.swift */; };
		7DBD7F4A2175521F0010218A /* RestaurantListDelegate.swift in Sources */ = {isa = PBXBuildFile; fileRef = 7DBD7F492175521F0010218A /* RestaurantListDelegate.swift */; };
		7DBD7F4C217552FD0010218A /* RestaurantStore.swift in Sources */ = {isa = PBXBuildFile; fileRef = 7DBD7F4B217552FD0010218A /* RestaurantStore.swift */; };
		7DBD7F4E2175590E0010218A /* RestaurantListFetcher.swift in Sources */ = {isa = PBXBuildFile; fileRef = 7DBD7F4D2175590E0010218A /* RestaurantListFetcher.swift */; };
		B554BF3C2B4E31E0804F4CC2 /* Pods_PruebaTests.framework in Frameworks */ = {isa = PBXBuildFile; fileRef = B20FD7AB14491520F8196EAC /* Pods_PruebaTests.framework */; };
/* End PBXBuildFile section */

/* Begin PBXContainerItemProxy section */
		7DBD7EF32172A5420010218A /* PBXContainerItemProxy */ = {
			isa = PBXContainerItemProxy;
			containerPortal = 7DBD7ED62172A5400010218A /* Project object */;
			proxyType = 1;
			remoteGlobalIDString = 7DBD7EDD2172A5410010218A;
			remoteInfo = Prueba;
		};
/* End PBXContainerItemProxy section */

/* Begin PBXFileReference section */
		7C291B6528CEA971A6A37367 /* Pods-Prueba.debug.xcconfig */ = {isa = PBXFileReference; includeInIndex = 1; lastKnownFileType = text.xcconfig; name = "Pods-Prueba.debug.xcconfig"; path = "Pods/Target Support Files/Pods-Prueba/Pods-Prueba.debug.xcconfig"; sourceTree = "<group>"; };
		7D099CC621759D3300C903FE /* RestaurantListLoader.swift */ = {isa = PBXFileReference; lastKnownFileType = sourcecode.swift; path = RestaurantListLoader.swift; sourceTree = "<group>"; };
		7D099CC82175AB6800C903FE /* AlamoRequestRetrier.swift */ = {isa = PBXFileReference; lastKnownFileType = sourcecode.swift; path = AlamoRequestRetrier.swift; sourceTree = "<group>"; };
		7D099CCA2175BCD900C903FE /* AlamoRequestAdapter.swift */ = {isa = PBXFileReference; lastKnownFileType = sourcecode.swift; path = AlamoRequestAdapter.swift; sourceTree = "<group>"; };
		7D099CCC2175D49A00C903FE /* AuthRetrier.swift */ = {isa = PBXFileReference; lastKnownFileType = sourcecode.swift; path = AuthRetrier.swift; sourceTree = "<group>"; };
		7D099CCE2175D90000C903FE /* AuthAdapter.swift */ = {isa = PBXFileReference; lastKnownFileType = sourcecode.swift; path = AuthAdapter.swift; sourceTree = "<group>"; };
		7D2724B62176FA13005D7415 /* AbstractRestaurantsFetcher.swift */ = {isa = PBXFileReference; lastKnownFileType = sourcecode.swift; path = AbstractRestaurantsFetcher.swift; sourceTree = "<group>"; };
		7D514F73B47EF77CDE15DE32 /* Pods_Prueba.framework */ = {isa = PBXFileReference; explicitFileType = wrapper.framework; includeInIndex = 0; path = Pods_Prueba.framework; sourceTree = BUILT_PRODUCTS_DIR; };
		7DB784FA21764A5A00984288 /* TokenServiceConfigurator.swift */ = {isa = PBXFileReference; lastKnownFileType = sourcecode.swift; path = TokenServiceConfigurator.swift; sourceTree = "<group>"; };
		7DB784FC21764FC900984288 /* CoreLocation.framework */ = {isa = PBXFileReference; lastKnownFileType = wrapper.framework; name = CoreLocation.framework; path = System/Library/Frameworks/CoreLocation.framework; sourceTree = SDKROOT; };
		7DB784FE21764FF000984288 /* CoreLocationLocalizator.swift */ = {isa = PBXFileReference; lastKnownFileType = sourcecode.swift; path = CoreLocationLocalizator.swift; sourceTree = "<group>"; };
		7DB78501217651E500984288 /* Localizator.swift */ = {isa = PBXFileReference; lastKnownFileType = sourcecode.swift; path = Localizator.swift; sourceTree = "<group>"; };
		7DB785032176591900984288 /* LocalizatorFactory.swift */ = {isa = PBXFileReference; lastKnownFileType = sourcecode.swift; path = LocalizatorFactory.swift; sourceTree = "<group>"; };
		7DB7850521765D7600984288 /* GeoPoint.swift */ = {isa = PBXFileReference; lastKnownFileType = sourcecode.swift; path = GeoPoint.swift; sourceTree = "<group>"; };
		7DB785092176935A00984288 /* MapsConfigurator.swift */ = {isa = PBXFileReference; lastKnownFileType = sourcecode.swift; path = MapsConfigurator.swift; sourceTree = "<group>"; };
		7DB7850C2176944F00984288 /* GoogleMapsConfigurator.swift */ = {isa = PBXFileReference; lastKnownFileType = sourcecode.swift; path = GoogleMapsConfigurator.swift; sourceTree = "<group>"; };
		7DB7850E21769BC000984288 /* GoogleMapViewConfigurator.swift */ = {isa = PBXFileReference; lastKnownFileType = sourcecode.swift; path = GoogleMapViewConfigurator.swift; sourceTree = "<group>"; };
		7DB7851021769E1200984288 /* MapViewConfiguratorFactory.swift */ = {isa = PBXFileReference; lastKnownFileType = sourcecode.swift; path = MapViewConfiguratorFactory.swift; sourceTree = "<group>"; };
		7DB7851221769FFC00984288 /* MapViewConfigurator.swift */ = {isa = PBXFileReference; lastKnownFileType = sourcecode.swift; path = MapViewConfigurator.swift; sourceTree = "<group>"; };
		7DB785142176A28D00984288 /* RestaurantsMapViewController.swift */ = {isa = PBXFileReference; lastKnownFileType = sourcecode.swift; path = RestaurantsMapViewController.swift; sourceTree = "<group>"; };
		7DB785162176A31200984288 /* RestaurantsMapActioner.swift */ = {isa = PBXFileReference; lastKnownFileType = sourcecode.swift; path = RestaurantsMapActioner.swift; sourceTree = "<group>"; };
		7DB7851A2176E8E300984288 /* GoogleMapViewConfigurator+Utils.swift */ = {isa = PBXFileReference; lastKnownFileType = sourcecode.swift; path = "GoogleMapViewConfigurator+Utils.swift"; sourceTree = "<group>"; };
		7DB7851C2176E93D00984288 /* GoogleMapViewConfigurator+MapViewDelegate.swift */ = {isa = PBXFileReference; lastKnownFileType = sourcecode.swift; path = "GoogleMapViewConfigurator+MapViewDelegate.swift"; sourceTree = "<group>"; };
		7DB785202176ECCB00984288 /* RestaurantsMapFetcher.swift */ = {isa = PBXFileReference; lastKnownFileType = sourcecode.swift; path = RestaurantsMapFetcher.swift; sourceTree = "<group>"; };
		7DB785222176F25F00984288 /* RestaurantsMapConfigurator.swift */ = {isa = PBXFileReference; fileEncoding = 4; lastKnownFileType = sourcecode.swift; path = RestaurantsMapConfigurator.swift; sourceTree = "<group>"; };
		7DBD7EDE2172A5410010218A /* Prueba.app */ = {isa = PBXFileReference; explicitFileType = wrapper.application; includeInIndex = 0; path = Prueba.app; sourceTree = BUILT_PRODUCTS_DIR; };
		7DBD7EE12172A5410010218A /* AppDelegate.swift */ = {isa = PBXFileReference; lastKnownFileType = sourcecode.swift; path = AppDelegate.swift; sourceTree = "<group>"; };
		7DBD7EE62172A5410010218A /* Base */ = {isa = PBXFileReference; lastKnownFileType = file.storyboard; name = Base; path = Base.lproj/Main.storyboard; sourceTree = "<group>"; };
		7DBD7EE82172A5420010218A /* Assets.xcassets */ = {isa = PBXFileReference; lastKnownFileType = folder.assetcatalog; path = Assets.xcassets; sourceTree = "<group>"; };
		7DBD7EEB2172A5420010218A /* Base */ = {isa = PBXFileReference; lastKnownFileType = file.storyboard; name = Base; path = Base.lproj/LaunchScreen.storyboard; sourceTree = "<group>"; };
		7DBD7EED2172A5420010218A /* Info.plist */ = {isa = PBXFileReference; lastKnownFileType = text.plist.xml; path = Info.plist; sourceTree = "<group>"; };
		7DBD7EF22172A5420010218A /* PruebaTests.xctest */ = {isa = PBXFileReference; explicitFileType = wrapper.cfbundle; includeInIndex = 0; path = PruebaTests.xctest; sourceTree = BUILT_PRODUCTS_DIR; };
		7DBD7EF62172A5420010218A /* PruebaTests.swift */ = {isa = PBXFileReference; lastKnownFileType = sourcecode.swift; path = PruebaTests.swift; sourceTree = "<group>"; };
		7DBD7EF82172A5420010218A /* Info.plist */ = {isa = PBXFileReference; lastKnownFileType = text.plist.xml; path = Info.plist; sourceTree = "<group>"; };
		7DBD7F02217379290010218A /* Request.swift */ = {isa = PBXFileReference; lastKnownFileType = sourcecode.swift; path = Request.swift; sourceTree = "<group>"; };
		7DBD7F05217398350010218A /* AlamoRequestConvertible.swift */ = {isa = PBXFileReference; lastKnownFileType = sourcecode.swift; path = AlamoRequestConvertible.swift; sourceTree = "<group>"; };
		7DBD7F072173B9870010218A /* AlamoRequester.swift */ = {isa = PBXFileReference; lastKnownFileType = sourcecode.swift; path = AlamoRequester.swift; sourceTree = "<group>"; };
		7DBD7F0C2173D6820010218A /* RequestConfiguration.swift */ = {isa = PBXFileReference; lastKnownFileType = sourcecode.swift; path = RequestConfiguration.swift; sourceTree = "<group>"; };
		7DBD7F0E2173D6BE0010218A /* AppConfiguration.swift */ = {isa = PBXFileReference; lastKnownFileType = sourcecode.swift; path = AppConfiguration.swift; sourceTree = "<group>"; };
		7DBD7F122173DAAA0010218A /* TokenService.swift */ = {isa = PBXFileReference; lastKnownFileType = sourcecode.swift; path = TokenService.swift; sourceTree = "<group>"; };
		7DBD7F17217413210010218A /* TokenRequestConfiguration.swift */ = {isa = PBXFileReference; lastKnownFileType = sourcecode.swift; path = TokenRequestConfiguration.swift; sourceTree = "<group>"; };
		7DBD7F1A21741B980010218A /* Token.swift */ = {isa = PBXFileReference; lastKnownFileType = sourcecode.swift; path = Token.swift; sourceTree = "<group>"; };
		7DBD7F1F2174253D0010218A /* KeychainAccess.swift */ = {isa = PBXFileReference; lastKnownFileType = sourcecode.swift; path = KeychainAccess.swift; sourceTree = "<group>"; };
		7DBD7F2221744E820010218A /* Requester.swift */ = {isa = PBXFileReference; fileEncoding = 4; lastKnownFileType = sourcecode.swift; path = Requester.swift; sourceTree = "<group>"; };
		7DBD7F252174C2160010218A /* UserDefaults.swift */ = {isa = PBXFileReference; lastKnownFileType = sourcecode.swift; path = UserDefaults.swift; sourceTree = "<group>"; };
		7DBD7F272174C9C20010218A /* UserConfiguration.swift */ = {isa = PBXFileReference; lastKnownFileType = sourcecode.swift; path = UserConfiguration.swift; sourceTree = "<group>"; };
		7DBD7F2A2174E99A0010218A /* ConfigurationStorageFactory.swift */ = {isa = PBXFileReference; lastKnownFileType = sourcecode.swift; path = ConfigurationStorageFactory.swift; sourceTree = "<group>"; };
		7DBD7F2C2174EA600010218A /* SecureStringStorage.swift */ = {isa = PBXFileReference; fileEncoding = 4; lastKnownFileType = sourcecode.swift; path = SecureStringStorage.swift; sourceTree = "<group>"; };
		7DBD7F2E2174EA9C0010218A /* TokenStorageFactory.swift */ = {isa = PBXFileReference; lastKnownFileType = sourcecode.swift; path = TokenStorageFactory.swift; sourceTree = "<group>"; };
		7DBD7F302174EBCC0010218A /* RequesterFactory.swift */ = {isa = PBXFileReference; lastKnownFileType = sourcecode.swift; path = RequesterFactory.swift; sourceTree = "<group>"; };
		7DBD7F33217508700010218A /* SearchRestaurantsRequestConfiguration.swift */ = {isa = PBXFileReference; lastKnownFileType = sourcecode.swift; path = SearchRestaurantsRequestConfiguration.swift; sourceTree = "<group>"; };
		7DBD7F3521751D840010218A /* Restaurant.swift */ = {isa = PBXFileReference; lastKnownFileType = sourcecode.swift; path = Restaurant.swift; sourceTree = "<group>"; };
		7DBD7F3A2175244A0010218A /* RestaurantService.swift */ = {isa = PBXFileReference; lastKnownFileType = sourcecode.swift; path = RestaurantService.swift; sourceTree = "<group>"; };
		7DBD7F3C2175296B0010218A /* RestaurantSearchResult.swift */ = {isa = PBXFileReference; lastKnownFileType = sourcecode.swift; path = RestaurantSearchResult.swift; sourceTree = "<group>"; };
		7DBD7F3E21752DB60010218A /* Pagination.swift */ = {isa = PBXFileReference; lastKnownFileType = sourcecode.swift; path = Pagination.swift; sourceTree = "<group>"; };
		7DBD7F4221753CF10010218A /* RestaurantListViewController.swift */ = {isa = PBXFileReference; lastKnownFileType = sourcecode.swift; path = RestaurantListViewController.swift; sourceTree = "<group>"; };
		7DBD7F4521753E7C0010218A /* RestaurantListDataSource.swift */ = {isa = PBXFileReference; lastKnownFileType = sourcecode.swift; path = RestaurantListDataSource.swift; sourceTree = "<group>"; };
		7DBD7F492175521F0010218A /* RestaurantListDelegate.swift */ = {isa = PBXFileReference; lastKnownFileType = sourcecode.swift; path = RestaurantListDelegate.swift; sourceTree = "<group>"; };
		7DBD7F4B217552FD0010218A /* RestaurantStore.swift */ = {isa = PBXFileReference; lastKnownFileType = sourcecode.swift; path = RestaurantStore.swift; sourceTree = "<group>"; };
		7DBD7F4D2175590E0010218A /* RestaurantListFetcher.swift */ = {isa = PBXFileReference; lastKnownFileType = sourcecode.swift; path = RestaurantListFetcher.swift; sourceTree = "<group>"; };
		8F693F59B6D23F736351DEB5 /* Pods-PruebaTests.release.xcconfig */ = {isa = PBXFileReference; includeInIndex = 1; lastKnownFileType = text.xcconfig; name = "Pods-PruebaTests.release.xcconfig"; path = "Pods/Target Support Files/Pods-PruebaTests/Pods-PruebaTests.release.xcconfig"; sourceTree = "<group>"; };
		922FAA465DBA68F23A0C1545 /* Pods-PruebaTests.debug.xcconfig */ = {isa = PBXFileReference; includeInIndex = 1; lastKnownFileType = text.xcconfig; name = "Pods-PruebaTests.debug.xcconfig"; path = "Pods/Target Support Files/Pods-PruebaTests/Pods-PruebaTests.debug.xcconfig"; sourceTree = "<group>"; };
		A2348528BB7C20C67EFFDF66 /* Pods-Prueba.release.xcconfig */ = {isa = PBXFileReference; includeInIndex = 1; lastKnownFileType = text.xcconfig; name = "Pods-Prueba.release.xcconfig"; path = "Pods/Target Support Files/Pods-Prueba/Pods-Prueba.release.xcconfig"; sourceTree = "<group>"; };
		B20FD7AB14491520F8196EAC /* Pods_PruebaTests.framework */ = {isa = PBXFileReference; explicitFileType = wrapper.framework; includeInIndex = 0; path = Pods_PruebaTests.framework; sourceTree = BUILT_PRODUCTS_DIR; };
/* End PBXFileReference section */

/* Begin PBXFrameworksBuildPhase section */
		7DBD7EDB2172A5410010218A /* Frameworks */ = {
			isa = PBXFrameworksBuildPhase;
			buildActionMask = 2147483647;
			files = (
				7DB784FD21764FC900984288 /* CoreLocation.framework in Frameworks */,
				2BEA8C3B1DCB5042BE93D097 /* Pods_Prueba.framework in Frameworks */,
			);
			runOnlyForDeploymentPostprocessing = 0;
		};
		7DBD7EEF2172A5420010218A /* Frameworks */ = {
			isa = PBXFrameworksBuildPhase;
			buildActionMask = 2147483647;
			files = (
				B554BF3C2B4E31E0804F4CC2 /* Pods_PruebaTests.framework in Frameworks */,
			);
			runOnlyForDeploymentPostprocessing = 0;
		};
/* End PBXFrameworksBuildPhase section */

/* Begin PBXGroup section */
		7DB784F9217645BE00984288 /* Location */ = {
			isa = PBXGroup;
			children = (
				7DB78501217651E500984288 /* Localizator.swift */,
				7DB785032176591900984288 /* LocalizatorFactory.swift */,
				7DB78500217651B600984288 /* CoreLocationImplementation */,
			);
			path = Location;
			sourceTree = "<group>";
		};
		7DB78500217651B600984288 /* CoreLocationImplementation */ = {
			isa = PBXGroup;
			children = (
				7DB784FE21764FF000984288 /* CoreLocationLocalizator.swift */,
			);
			path = CoreLocationImplementation;
			sourceTree = "<group>";
		};
		7DB785072176889F00984288 /* RestaurantsMap */ = {
			isa = PBXGroup;
			children = (
				7DB785142176A28D00984288 /* RestaurantsMapViewController.swift */,
				7DB785162176A31200984288 /* RestaurantsMapActioner.swift */,
				7DB785222176F25F00984288 /* RestaurantsMapConfigurator.swift */,
				7DB785202176ECCB00984288 /* RestaurantsMapFetcher.swift */,
			);
			path = RestaurantsMap;
			sourceTree = "<group>";
		};
		7DB785082176931C00984288 /* Maps */ = {
			isa = PBXGroup;
			children = (
				7DB785092176935A00984288 /* MapsConfigurator.swift */,
				7DB7851221769FFC00984288 /* MapViewConfigurator.swift */,
				7DB7851021769E1200984288 /* MapViewConfiguratorFactory.swift */,
				7DB7850B2176937000984288 /* GoogleMapsImplementation */,
			);
			path = Maps;
			sourceTree = "<group>";
		};
		7DB7850B2176937000984288 /* GoogleMapsImplementation */ = {
			isa = PBXGroup;
			children = (
				7DB7850C2176944F00984288 /* GoogleMapsConfigurator.swift */,
				7DB7850E21769BC000984288 /* GoogleMapViewConfigurator.swift */,
				7DB7851A2176E8E300984288 /* GoogleMapViewConfigurator+Utils.swift */,
				7DB7851C2176E93D00984288 /* GoogleMapViewConfigurator+MapViewDelegate.swift */,
			);
			path = GoogleMapsImplementation;
			sourceTree = "<group>";
		};
		7DBD7ED52172A5400010218A = {
			isa = PBXGroup;
			children = (
				7DBD7EE02172A5410010218A /* Prueba */,
				7DBD7EF52172A5420010218A /* PruebaTests */,
				7DBD7EDF2172A5410010218A /* Products */,
				E09A29D44CE8E694F5105E7E /* Pods */,
				E32BF2D57F4697FE97CFCA9B /* Frameworks */,
			);
			sourceTree = "<group>";
		};
		7DBD7EDF2172A5410010218A /* Products */ = {
			isa = PBXGroup;
			children = (
				7DBD7EDE2172A5410010218A /* Prueba.app */,
				7DBD7EF22172A5420010218A /* PruebaTests.xctest */,
			);
			name = Products;
			sourceTree = "<group>";
		};
		7DBD7EE02172A5410010218A /* Prueba */ = {
			isa = PBXGroup;
			children = (
				7DB785082176931C00984288 /* Maps */,
				7DBD7F402175329B0010218A /* AppConfiguration */,
				7DBD7F0B2173D30B0010218A /* Services */,
				7DBD7F1921741B780010218A /* Models */,
				7DBD7F37217520DC0010218A /* Utils */,
				7DB784F9217645BE00984288 /* Location */,
				7DBD7F242174C1D20010218A /* UserConfigurationStorage */,
				7DBD7F1C2174241D0010218A /* SecureStorage */,
				7DBD7F01217379090010218A /* API Client */,
				7DBD7F4121753C700010218A /* Scenes */,
				7DBD7EE12172A5410010218A /* AppDelegate.swift */,
				7DBD7EE52172A5410010218A /* Main.storyboard */,
				7DBD7EE82172A5420010218A /* Assets.xcassets */,
				7DBD7EEA2172A5420010218A /* LaunchScreen.storyboard */,
				7DBD7EED2172A5420010218A /* Info.plist */,
			);
			path = Prueba;
			sourceTree = "<group>";
		};
		7DBD7EF52172A5420010218A /* PruebaTests */ = {
			isa = PBXGroup;
			children = (
				7DBD7EF62172A5420010218A /* PruebaTests.swift */,
				7DBD7EF82172A5420010218A /* Info.plist */,
			);
			path = PruebaTests;
			sourceTree = "<group>";
		};
		7DBD7F01217379090010218A /* API Client */ = {
			isa = PBXGroup;
			children = (
				7DBD7F162173DE740010218A /* RequestConfigurations */,
				7DBD7F04217397C30010218A /* AlamofireImplementation */,
				7DBD7F02217379290010218A /* Request.swift */,
				7DBD7F2221744E820010218A /* Requester.swift */,
				7DBD7F302174EBCC0010218A /* RequesterFactory.swift */,
				7D099CCC2175D49A00C903FE /* AuthRetrier.swift */,
				7D099CCE2175D90000C903FE /* AuthAdapter.swift */,
			);
			path = "API Client";
			sourceTree = "<group>";
		};
		7DBD7F04217397C30010218A /* AlamofireImplementation */ = {
			isa = PBXGroup;
			children = (
				7DBD7F072173B9870010218A /* AlamoRequester.swift */,
				7DBD7F05217398350010218A /* AlamoRequestConvertible.swift */,
				7D099CC82175AB6800C903FE /* AlamoRequestRetrier.swift */,
				7D099CCA2175BCD900C903FE /* AlamoRequestAdapter.swift */,
			);
			path = AlamofireImplementation;
			sourceTree = "<group>";
		};
		7DBD7F0B2173D30B0010218A /* Services */ = {
			isa = PBXGroup;
			children = (
				7DBD7F122173DAAA0010218A /* TokenService.swift */,
				7DBD7F3A2175244A0010218A /* RestaurantService.swift */,
			);
			path = Services;
			sourceTree = "<group>";
		};
		7DBD7F162173DE740010218A /* RequestConfigurations */ = {
			isa = PBXGroup;
			children = (
				7DBD7F0C2173D6820010218A /* RequestConfiguration.swift */,
				7DBD7F17217413210010218A /* TokenRequestConfiguration.swift */,
				7DBD7F33217508700010218A /* SearchRestaurantsRequestConfiguration.swift */,
			);
			path = RequestConfigurations;
			sourceTree = "<group>";
		};
		7DBD7F1921741B780010218A /* Models */ = {
			isa = PBXGroup;
			children = (
				7DBD7F1A21741B980010218A /* Token.swift */,
				7DBD7F3521751D840010218A /* Restaurant.swift */,
				7DBD7F3C2175296B0010218A /* RestaurantSearchResult.swift */,
				7DB7850521765D7600984288 /* GeoPoint.swift */,
			);
			path = Models;
			sourceTree = "<group>";
		};
		7DBD7F1C2174241D0010218A /* SecureStorage */ = {
			isa = PBXGroup;
			children = (
				7DBD7F2C2174EA600010218A /* SecureStringStorage.swift */,
				7DBD7F2E2174EA9C0010218A /* TokenStorageFactory.swift */,
				7DBD7F2121742A520010218A /* KeychainAccessImplementation */,
			);
			path = SecureStorage;
			sourceTree = "<group>";
		};
		7DBD7F2121742A520010218A /* KeychainAccessImplementation */ = {
			isa = PBXGroup;
			children = (
				7DBD7F1F2174253D0010218A /* KeychainAccess.swift */,
			);
			path = KeychainAccessImplementation;
			sourceTree = "<group>";
		};
		7DBD7F242174C1D20010218A /* UserConfigurationStorage */ = {
			isa = PBXGroup;
			children = (
				7DBD7F272174C9C20010218A /* UserConfiguration.swift */,
				7DBD7F2A2174E99A0010218A /* ConfigurationStorageFactory.swift */,
				7DBD7F292174C9FC0010218A /* UserDefaultsImplementation */,
			);
			path = UserConfigurationStorage;
			sourceTree = "<group>";
		};
		7DBD7F292174C9FC0010218A /* UserDefaultsImplementation */ = {
			isa = PBXGroup;
			children = (
				7DBD7F252174C2160010218A /* UserDefaults.swift */,
			);
			path = UserDefaultsImplementation;
			sourceTree = "<group>";
		};
		7DBD7F37217520DC0010218A /* Utils */ = {
			isa = PBXGroup;
			children = (
				7DBD7F4B217552FD0010218A /* RestaurantStore.swift */,
				7DBD7F3E21752DB60010218A /* Pagination.swift */,
				7D2724B62176FA13005D7415 /* AbstractRestaurantsFetcher.swift */,
			);
			path = Utils;
			sourceTree = "<group>";
		};
		7DBD7F402175329B0010218A /* AppConfiguration */ = {
			isa = PBXGroup;
			children = (
				7DBD7F0E2173D6BE0010218A /* AppConfiguration.swift */,
				7DB784FA21764A5A00984288 /* TokenServiceConfigurator.swift */,
			);
			path = AppConfiguration;
			sourceTree = "<group>";
		};
		7DBD7F4121753C700010218A /* Scenes */ = {
			isa = PBXGroup;
			children = (
				7DB785072176889F00984288 /* RestaurantsMap */,
				7DBD7F4421753CF90010218A /* RestaurantList */,
			);
			path = Scenes;
			sourceTree = "<group>";
		};
		7DBD7F4421753CF90010218A /* RestaurantList */ = {
			isa = PBXGroup;
			children = (
				7DBD7F4221753CF10010218A /* RestaurantListViewController.swift */,
				7DBD7F4521753E7C0010218A /* RestaurantListDataSource.swift */,
				7DBD7F492175521F0010218A /* RestaurantListDelegate.swift */,
				7DBD7F4D2175590E0010218A /* RestaurantListFetcher.swift */,
				7D099CC621759D3300C903FE /* RestaurantListLoader.swift */,
			);
			path = RestaurantList;
			sourceTree = "<group>";
		};
		E09A29D44CE8E694F5105E7E /* Pods */ = {
			isa = PBXGroup;
			children = (
				7C291B6528CEA971A6A37367 /* Pods-Prueba.debug.xcconfig */,
				A2348528BB7C20C67EFFDF66 /* Pods-Prueba.release.xcconfig */,
				922FAA465DBA68F23A0C1545 /* Pods-PruebaTests.debug.xcconfig */,
				8F693F59B6D23F736351DEB5 /* Pods-PruebaTests.release.xcconfig */,
			);
			name = Pods;
			sourceTree = "<group>";
		};
		E32BF2D57F4697FE97CFCA9B /* Frameworks */ = {
			isa = PBXGroup;
			children = (
				7DB784FC21764FC900984288 /* CoreLocation.framework */,
				7D514F73B47EF77CDE15DE32 /* Pods_Prueba.framework */,
				B20FD7AB14491520F8196EAC /* Pods_PruebaTests.framework */,
			);
			name = Frameworks;
			sourceTree = "<group>";
		};
/* End PBXGroup section */

/* Begin PBXNativeTarget section */
		7DBD7EDD2172A5410010218A /* Prueba */ = {
			isa = PBXNativeTarget;
			buildConfigurationList = 7DBD7EFB2172A5420010218A /* Build configuration list for PBXNativeTarget "Prueba" */;
			buildPhases = (
				FE700E0266A65789C0045C84 /* [CP] Check Pods Manifest.lock */,
				7DBD7EDA2172A5410010218A /* Sources */,
				7DBD7EDB2172A5410010218A /* Frameworks */,
				7DBD7EDC2172A5410010218A /* Resources */,
				801B77535A9EAA6B0D1C89E5 /* [CP] Embed Pods Frameworks */,
				7DBD7F322174FBBD0010218A /* Swiftlint */,
				EE018AAD8DECBC4275F5CAF7 /* [CP] Copy Pods Resources */,
			);
			buildRules = (
			);
			dependencies = (
			);
			name = Prueba;
			productName = Prueba;
			productReference = 7DBD7EDE2172A5410010218A /* Prueba.app */;
			productType = "com.apple.product-type.application";
		};
		7DBD7EF12172A5420010218A /* PruebaTests */ = {
			isa = PBXNativeTarget;
			buildConfigurationList = 7DBD7EFE2172A5420010218A /* Build configuration list for PBXNativeTarget "PruebaTests" */;
			buildPhases = (
				4E075B721985A6794977067E /* [CP] Check Pods Manifest.lock */,
				7DBD7EEE2172A5420010218A /* Sources */,
				7DBD7EEF2172A5420010218A /* Frameworks */,
				7DBD7EF02172A5420010218A /* Resources */,
			);
			buildRules = (
			);
			dependencies = (
				7DBD7EF42172A5420010218A /* PBXTargetDependency */,
			);
			name = PruebaTests;
			productName = PruebaTests;
			productReference = 7DBD7EF22172A5420010218A /* PruebaTests.xctest */;
			productType = "com.apple.product-type.bundle.unit-test";
		};
/* End PBXNativeTarget section */

/* Begin PBXProject section */
		7DBD7ED62172A5400010218A /* Project object */ = {
			isa = PBXProject;
			attributes = {
				LastSwiftUpdateCheck = 1000;
				LastUpgradeCheck = 1000;
				ORGANIZATIONNAME = "Juan Carlos Garcia Alfaro";
				TargetAttributes = {
					7DBD7EDD2172A5410010218A = {
						CreatedOnToolsVersion = 10.0;
					};
					7DBD7EF12172A5420010218A = {
						CreatedOnToolsVersion = 10.0;
						TestTargetID = 7DBD7EDD2172A5410010218A;
					};
				};
			};
			buildConfigurationList = 7DBD7ED92172A5410010218A /* Build configuration list for PBXProject "Prueba" */;
			compatibilityVersion = "Xcode 9.3";
			developmentRegion = en;
			hasScannedForEncodings = 0;
			knownRegions = (
				en,
				Base,
			);
			mainGroup = 7DBD7ED52172A5400010218A;
			productRefGroup = 7DBD7EDF2172A5410010218A /* Products */;
			projectDirPath = "";
			projectRoot = "";
			targets = (
				7DBD7EDD2172A5410010218A /* Prueba */,
				7DBD7EF12172A5420010218A /* PruebaTests */,
			);
		};
/* End PBXProject section */

/* Begin PBXResourcesBuildPhase section */
		7DBD7EDC2172A5410010218A /* Resources */ = {
			isa = PBXResourcesBuildPhase;
			buildActionMask = 2147483647;
			files = (
				7DBD7EEC2172A5420010218A /* LaunchScreen.storyboard in Resources */,
				7DBD7EE92172A5420010218A /* Assets.xcassets in Resources */,
				7DBD7EE72172A5410010218A /* Main.storyboard in Resources */,
			);
			runOnlyForDeploymentPostprocessing = 0;
		};
		7DBD7EF02172A5420010218A /* Resources */ = {
			isa = PBXResourcesBuildPhase;
			buildActionMask = 2147483647;
			files = (
			);
			runOnlyForDeploymentPostprocessing = 0;
		};
/* End PBXResourcesBuildPhase section */

/* Begin PBXShellScriptBuildPhase section */
		4E075B721985A6794977067E /* [CP] Check Pods Manifest.lock */ = {
			isa = PBXShellScriptBuildPhase;
			buildActionMask = 2147483647;
			files = (
			);
			inputPaths = (
				"${PODS_PODFILE_DIR_PATH}/Podfile.lock",
				"${PODS_ROOT}/Manifest.lock",
			);
			name = "[CP] Check Pods Manifest.lock";
			outputPaths = (
				"$(DERIVED_FILE_DIR)/Pods-PruebaTests-checkManifestLockResult.txt",
			);
			runOnlyForDeploymentPostprocessing = 0;
			shellPath = /bin/sh;
			shellScript = "diff \"${PODS_PODFILE_DIR_PATH}/Podfile.lock\" \"${PODS_ROOT}/Manifest.lock\" > /dev/null\nif [ $? != 0 ] ; then\n    # print error to STDERR\n    echo \"error: The sandbox is not in sync with the Podfile.lock. Run 'pod install' or update your CocoaPods installation.\" >&2\n    exit 1\nfi\n# This output is used by Xcode 'outputs' to avoid re-running this script phase.\necho \"SUCCESS\" > \"${SCRIPT_OUTPUT_FILE_0}\"\n";
			showEnvVarsInLog = 0;
		};
		7DBD7F322174FBBD0010218A /* Swiftlint */ = {
			isa = PBXShellScriptBuildPhase;
			buildActionMask = 2147483647;
			files = (
			);
			inputPaths = (
			);
			name = Swiftlint;
			outputPaths = (
			);
			runOnlyForDeploymentPostprocessing = 0;
			shellPath = /bin/sh;
			shellScript = "if which swiftlint >/dev/null; then\nswiftlint\nelse\necho \"warning: SwiftLint not installed, download from https://github.com/realm/SwiftLint\"\nfi\n";
		};
		801B77535A9EAA6B0D1C89E5 /* [CP] Embed Pods Frameworks */ = {
			isa = PBXShellScriptBuildPhase;
			buildActionMask = 2147483647;
			files = (
			);
			inputPaths = (
				"${SRCROOT}/Pods/Target Support Files/Pods-Prueba/Pods-Prueba-frameworks.sh",
				"${BUILT_PRODUCTS_DIR}/Alamofire/Alamofire.framework",
				"${BUILT_PRODUCTS_DIR}/KeychainAccess/KeychainAccess.framework",
			);
			name = "[CP] Embed Pods Frameworks";
			outputPaths = (
				"${TARGET_BUILD_DIR}/${FRAMEWORKS_FOLDER_PATH}/Alamofire.framework",
				"${TARGET_BUILD_DIR}/${FRAMEWORKS_FOLDER_PATH}/KeychainAccess.framework",
			);
			runOnlyForDeploymentPostprocessing = 0;
			shellPath = /bin/sh;
			shellScript = "\"${SRCROOT}/Pods/Target Support Files/Pods-Prueba/Pods-Prueba-frameworks.sh\"\n";
			showEnvVarsInLog = 0;
		};
		EE018AAD8DECBC4275F5CAF7 /* [CP] Copy Pods Resources */ = {
			isa = PBXShellScriptBuildPhase;
			buildActionMask = 2147483647;
			files = (
			);
			inputPaths = (
				"${SRCROOT}/Pods/Target Support Files/Pods-Prueba/Pods-Prueba-resources.sh",
				"${PODS_ROOT}/GoogleMaps/Maps/Frameworks/GoogleMaps.framework/Resources/GoogleMaps.bundle",
				"${PODS_ROOT}/GooglePlaces/Frameworks/GooglePlaces.framework/Resources/GooglePlaces.bundle",
			);
			name = "[CP] Copy Pods Resources";
			outputPaths = (
				"${TARGET_BUILD_DIR}/${UNLOCALIZED_RESOURCES_FOLDER_PATH}/GoogleMaps.bundle",
				"${TARGET_BUILD_DIR}/${UNLOCALIZED_RESOURCES_FOLDER_PATH}/GooglePlaces.bundle",
			);
			runOnlyForDeploymentPostprocessing = 0;
			shellPath = /bin/sh;
			shellScript = "\"${SRCROOT}/Pods/Target Support Files/Pods-Prueba/Pods-Prueba-resources.sh\"\n";
			showEnvVarsInLog = 0;
		};
		FE700E0266A65789C0045C84 /* [CP] Check Pods Manifest.lock */ = {
			isa = PBXShellScriptBuildPhase;
			buildActionMask = 2147483647;
			files = (
			);
			inputPaths = (
				"${PODS_PODFILE_DIR_PATH}/Podfile.lock",
				"${PODS_ROOT}/Manifest.lock",
			);
			name = "[CP] Check Pods Manifest.lock";
			outputPaths = (
				"$(DERIVED_FILE_DIR)/Pods-Prueba-checkManifestLockResult.txt",
			);
			runOnlyForDeploymentPostprocessing = 0;
			shellPath = /bin/sh;
			shellScript = "diff \"${PODS_PODFILE_DIR_PATH}/Podfile.lock\" \"${PODS_ROOT}/Manifest.lock\" > /dev/null\nif [ $? != 0 ] ; then\n    # print error to STDERR\n    echo \"error: The sandbox is not in sync with the Podfile.lock. Run 'pod install' or update your CocoaPods installation.\" >&2\n    exit 1\nfi\n# This output is used by Xcode 'outputs' to avoid re-running this script phase.\necho \"SUCCESS\" > \"${SCRIPT_OUTPUT_FILE_0}\"\n";
			showEnvVarsInLog = 0;
		};
/* End PBXShellScriptBuildPhase section */

/* Begin PBXSourcesBuildPhase section */
		7DBD7EDA2172A5410010218A /* Sources */ = {
			isa = PBXSourcesBuildPhase;
			buildActionMask = 2147483647;
			files = (
				7D099CCD2175D49A00C903FE /* AuthRetrier.swift in Sources */,
				7DBD7F3621751D840010218A /* Restaurant.swift in Sources */,
				7DBD7F18217413210010218A /* TokenRequestConfiguration.swift in Sources */,
				7DB7850F21769BC000984288 /* GoogleMapViewConfigurator.swift in Sources */,
				7DB7850A2176935A00984288 /* MapsConfigurator.swift in Sources */,
				7DBD7F4C217552FD0010218A /* RestaurantStore.swift in Sources */,
				7DBD7F132173DAAA0010218A /* TokenService.swift in Sources */,
				7DB785232176F25F00984288 /* RestaurantsMapConfigurator.swift in Sources */,
				7DB785152176A28D00984288 /* RestaurantsMapViewController.swift in Sources */,
				7DBD7F4A2175521F0010218A /* RestaurantListDelegate.swift in Sources */,
				7DBD7F2B2174E99A0010218A /* ConfigurationStorageFactory.swift in Sources */,
				7DBD7F3B2175244A0010218A /* RestaurantService.swift in Sources */,
				7DBD7F2F2174EA9C0010218A /* TokenStorageFactory.swift in Sources */,
				7DBD7F2D2174EA600010218A /* SecureStringStorage.swift in Sources */,
				7D099CC721759D3300C903FE /* RestaurantListLoader.swift in Sources */,
				7D099CCB2175BCD900C903FE /* AlamoRequestAdapter.swift in Sources */,
				7DBD7F0D2173D6820010218A /* RequestConfiguration.swift in Sources */,
				7D099CC92175AB6800C903FE /* AlamoRequestRetrier.swift in Sources */,
				7DBD7F2321744E820010218A /* Requester.swift in Sources */,
				7D2724B72176FA13005D7415 /* AbstractRestaurantsFetcher.swift in Sources */,
				7DB784FB21764A5A00984288 /* TokenServiceConfigurator.swift in Sources */,
				7DBD7F1B21741B980010218A /* Token.swift in Sources */,
				7DBD7F06217398350010218A /* AlamoRequestConvertible.swift in Sources */,
				7DBD7F082173B9870010218A /* AlamoRequester.swift in Sources */,
				7DB78502217651E500984288 /* Localizator.swift in Sources */,
				7DBD7F4321753CF10010218A /* RestaurantListViewController.swift in Sources */,
				7DB7851121769E1200984288 /* MapViewConfiguratorFactory.swift in Sources */,
				7DBD7F4E2175590E0010218A /* RestaurantListFetcher.swift in Sources */,
				7DB785172176A31200984288 /* RestaurantsMapActioner.swift in Sources */,
				7DBD7F312174EBCC0010218A /* RequesterFactory.swift in Sources */,
				7DBD7F282174C9C20010218A /* UserConfiguration.swift in Sources */,
				7DBD7F3F21752DB60010218A /* Pagination.swift in Sources */,
				7DBD7F03217379290010218A /* Request.swift in Sources */,
				7DB7850621765D7600984288 /* GeoPoint.swift in Sources */,
				7DB7850D2176944F00984288 /* GoogleMapsConfigurator.swift in Sources */,
				7DBD7F34217508700010218A /* SearchRestaurantsRequestConfiguration.swift in Sources */,
				7DB7851321769FFC00984288 /* MapViewConfigurator.swift in Sources */,
				7DBD7F4621753E7C0010218A /* RestaurantListDataSource.swift in Sources */,
				7DB7851D2176E93D00984288 /* GoogleMapViewConfigurator+MapViewDelegate.swift in Sources */,
				7DBD7F262174C2160010218A /* UserDefaults.swift in Sources */,
				7DB784FF21764FF000984288 /* CoreLocationLocalizator.swift in Sources */,
				7DBD7F0F2173D6BE0010218A /* AppConfiguration.swift in Sources */,
				7DBD7F3D2175296B0010218A /* RestaurantSearchResult.swift in Sources */,
				7DBD7EE22172A5410010218A /* AppDelegate.swift in Sources */,
				7DBD7F202174253D0010218A /* KeychainAccess.swift in Sources */,
				7D099CCF2175D90000C903FE /* AuthAdapter.swift in Sources */,
				7DB785212176ECCB00984288 /* RestaurantsMapFetcher.swift in Sources */,
				7DB785042176591900984288 /* LocalizatorFactory.swift in Sources */,
				7DB7851B2176E8E300984288 /* GoogleMapViewConfigurator+Utils.swift in Sources */,
			);
			runOnlyForDeploymentPostprocessing = 0;
		};
		7DBD7EEE2172A5420010218A /* Sources */ = {
			isa = PBXSourcesBuildPhase;
			buildActionMask = 2147483647;
			files = (
				7DBD7EF72172A5420010218A /* PruebaTests.swift in Sources */,
			);
			runOnlyForDeploymentPostprocessing = 0;
		};
/* End PBXSourcesBuildPhase section */

/* Begin PBXTargetDependency section */
		7DBD7EF42172A5420010218A /* PBXTargetDependency */ = {
			isa = PBXTargetDependency;
			target = 7DBD7EDD2172A5410010218A /* Prueba */;
			targetProxy = 7DBD7EF32172A5420010218A /* PBXContainerItemProxy */;
		};
/* End PBXTargetDependency section */

/* Begin PBXVariantGroup section */
		7DBD7EE52172A5410010218A /* Main.storyboard */ = {
			isa = PBXVariantGroup;
			children = (
				7DBD7EE62172A5410010218A /* Base */,
			);
			name = Main.storyboard;
			sourceTree = "<group>";
		};
		7DBD7EEA2172A5420010218A /* LaunchScreen.storyboard */ = {
			isa = PBXVariantGroup;
			children = (
				7DBD7EEB2172A5420010218A /* Base */,
			);
			name = LaunchScreen.storyboard;
			sourceTree = "<group>";
		};
/* End PBXVariantGroup section */

/* Begin XCBuildConfiguration section */
		7DBD7EF92172A5420010218A /* Debug */ = {
			isa = XCBuildConfiguration;
			buildSettings = {
				ALWAYS_SEARCH_USER_PATHS = NO;
				CLANG_ANALYZER_NONNULL = YES;
				CLANG_ANALYZER_NUMBER_OBJECT_CONVERSION = YES_AGGRESSIVE;
				CLANG_CXX_LANGUAGE_STANDARD = "gnu++14";
				CLANG_CXX_LIBRARY = "libc++";
				CLANG_ENABLE_MODULES = YES;
				CLANG_ENABLE_OBJC_ARC = YES;
				CLANG_ENABLE_OBJC_WEAK = YES;
				CLANG_WARN_BLOCK_CAPTURE_AUTORELEASING = YES;
				CLANG_WARN_BOOL_CONVERSION = YES;
				CLANG_WARN_COMMA = YES;
				CLANG_WARN_CONSTANT_CONVERSION = YES;
				CLANG_WARN_DEPRECATED_OBJC_IMPLEMENTATIONS = YES;
				CLANG_WARN_DIRECT_OBJC_ISA_USAGE = YES_ERROR;
				CLANG_WARN_DOCUMENTATION_COMMENTS = YES;
				CLANG_WARN_EMPTY_BODY = YES;
				CLANG_WARN_ENUM_CONVERSION = YES;
				CLANG_WARN_INFINITE_RECURSION = YES;
				CLANG_WARN_INT_CONVERSION = YES;
				CLANG_WARN_NON_LITERAL_NULL_CONVERSION = YES;
				CLANG_WARN_OBJC_IMPLICIT_RETAIN_SELF = YES;
				CLANG_WARN_OBJC_LITERAL_CONVERSION = YES;
				CLANG_WARN_OBJC_ROOT_CLASS = YES_ERROR;
				CLANG_WARN_RANGE_LOOP_ANALYSIS = YES;
				CLANG_WARN_STRICT_PROTOTYPES = YES;
				CLANG_WARN_SUSPICIOUS_MOVE = YES;
				CLANG_WARN_UNGUARDED_AVAILABILITY = YES_AGGRESSIVE;
				CLANG_WARN_UNREACHABLE_CODE = YES;
				CLANG_WARN__DUPLICATE_METHOD_MATCH = YES;
				CODE_SIGN_IDENTITY = "iPhone Developer";
				COPY_PHASE_STRIP = NO;
				DEBUG_INFORMATION_FORMAT = dwarf;
				ENABLE_STRICT_OBJC_MSGSEND = YES;
				ENABLE_TESTABILITY = YES;
				GCC_C_LANGUAGE_STANDARD = gnu11;
				GCC_DYNAMIC_NO_PIC = NO;
				GCC_NO_COMMON_BLOCKS = YES;
				GCC_OPTIMIZATION_LEVEL = 0;
				GCC_PREPROCESSOR_DEFINITIONS = (
					"DEBUG=1",
					"$(inherited)",
				);
				GCC_WARN_64_TO_32_BIT_CONVERSION = YES;
				GCC_WARN_ABOUT_RETURN_TYPE = YES_ERROR;
				GCC_WARN_UNDECLARED_SELECTOR = YES;
				GCC_WARN_UNINITIALIZED_AUTOS = YES_AGGRESSIVE;
				GCC_WARN_UNUSED_FUNCTION = YES;
				GCC_WARN_UNUSED_VARIABLE = YES;
				IPHONEOS_DEPLOYMENT_TARGET = 12.0;
				MTL_ENABLE_DEBUG_INFO = INCLUDE_SOURCE;
				MTL_FAST_MATH = YES;
				ONLY_ACTIVE_ARCH = YES;
				SDKROOT = iphoneos;
				SWIFT_ACTIVE_COMPILATION_CONDITIONS = DEBUG;
				SWIFT_OPTIMIZATION_LEVEL = "-Onone";
			};
			name = Debug;
		};
		7DBD7EFA2172A5420010218A /* Release */ = {
			isa = XCBuildConfiguration;
			buildSettings = {
				ALWAYS_SEARCH_USER_PATHS = NO;
				CLANG_ANALYZER_NONNULL = YES;
				CLANG_ANALYZER_NUMBER_OBJECT_CONVERSION = YES_AGGRESSIVE;
				CLANG_CXX_LANGUAGE_STANDARD = "gnu++14";
				CLANG_CXX_LIBRARY = "libc++";
				CLANG_ENABLE_MODULES = YES;
				CLANG_ENABLE_OBJC_ARC = YES;
				CLANG_ENABLE_OBJC_WEAK = YES;
				CLANG_WARN_BLOCK_CAPTURE_AUTORELEASING = YES;
				CLANG_WARN_BOOL_CONVERSION = YES;
				CLANG_WARN_COMMA = YES;
				CLANG_WARN_CONSTANT_CONVERSION = YES;
				CLANG_WARN_DEPRECATED_OBJC_IMPLEMENTATIONS = YES;
				CLANG_WARN_DIRECT_OBJC_ISA_USAGE = YES_ERROR;
				CLANG_WARN_DOCUMENTATION_COMMENTS = YES;
				CLANG_WARN_EMPTY_BODY = YES;
				CLANG_WARN_ENUM_CONVERSION = YES;
				CLANG_WARN_INFINITE_RECURSION = YES;
				CLANG_WARN_INT_CONVERSION = YES;
				CLANG_WARN_NON_LITERAL_NULL_CONVERSION = YES;
				CLANG_WARN_OBJC_IMPLICIT_RETAIN_SELF = YES;
				CLANG_WARN_OBJC_LITERAL_CONVERSION = YES;
				CLANG_WARN_OBJC_ROOT_CLASS = YES_ERROR;
				CLANG_WARN_RANGE_LOOP_ANALYSIS = YES;
				CLANG_WARN_STRICT_PROTOTYPES = YES;
				CLANG_WARN_SUSPICIOUS_MOVE = YES;
				CLANG_WARN_UNGUARDED_AVAILABILITY = YES_AGGRESSIVE;
				CLANG_WARN_UNREACHABLE_CODE = YES;
				CLANG_WARN__DUPLICATE_METHOD_MATCH = YES;
				CODE_SIGN_IDENTITY = "iPhone Developer";
				COPY_PHASE_STRIP = NO;
				DEBUG_INFORMATION_FORMAT = "dwarf-with-dsym";
				ENABLE_NS_ASSERTIONS = NO;
				ENABLE_STRICT_OBJC_MSGSEND = YES;
				GCC_C_LANGUAGE_STANDARD = gnu11;
				GCC_NO_COMMON_BLOCKS = YES;
				GCC_WARN_64_TO_32_BIT_CONVERSION = YES;
				GCC_WARN_ABOUT_RETURN_TYPE = YES_ERROR;
				GCC_WARN_UNDECLARED_SELECTOR = YES;
				GCC_WARN_UNINITIALIZED_AUTOS = YES_AGGRESSIVE;
				GCC_WARN_UNUSED_FUNCTION = YES;
				GCC_WARN_UNUSED_VARIABLE = YES;
				IPHONEOS_DEPLOYMENT_TARGET = 12.0;
				MTL_ENABLE_DEBUG_INFO = NO;
				MTL_FAST_MATH = YES;
				SDKROOT = iphoneos;
				SWIFT_COMPILATION_MODE = wholemodule;
				SWIFT_OPTIMIZATION_LEVEL = "-O";
				VALIDATE_PRODUCT = YES;
			};
			name = Release;
		};
		7DBD7EFC2172A5420010218A /* Debug */ = {
			isa = XCBuildConfiguration;
			baseConfigurationReference = 7C291B6528CEA971A6A37367 /* Pods-Prueba.debug.xcconfig */;
			buildSettings = {
				ASSETCATALOG_COMPILER_APPICON_NAME = AppIcon;
				CODE_SIGN_STYLE = Automatic;
				DEVELOPMENT_TEAM = DSJQEZ38GL;
				INFOPLIST_FILE = Prueba/Info.plist;
				LD_RUNPATH_SEARCH_PATHS = (
					"$(inherited)",
					"@executable_path/Frameworks",
				);
				PRODUCT_BUNDLE_IDENTIFIER = com.juancarlosgarcia.Prueba;
				PRODUCT_NAME = "$(TARGET_NAME)";
				SWIFT_VERSION = 4.2;
				TARGETED_DEVICE_FAMILY = "1,2";
			};
			name = Debug;
		};
		7DBD7EFD2172A5420010218A /* Release */ = {
			isa = XCBuildConfiguration;
			baseConfigurationReference = A2348528BB7C20C67EFFDF66 /* Pods-Prueba.release.xcconfig */;
			buildSettings = {
				ASSETCATALOG_COMPILER_APPICON_NAME = AppIcon;
				CODE_SIGN_STYLE = Automatic;
				DEVELOPMENT_TEAM = DSJQEZ38GL;
				INFOPLIST_FILE = Prueba/Info.plist;
				LD_RUNPATH_SEARCH_PATHS = (
					"$(inherited)",
					"@executable_path/Frameworks",
				);
				PRODUCT_BUNDLE_IDENTIFIER = com.juancarlosgarcia.Prueba;
				PRODUCT_NAME = "$(TARGET_NAME)";
				SWIFT_VERSION = 4.2;
				TARGETED_DEVICE_FAMILY = "1,2";
			};
			name = Release;
		};
		7DBD7EFF2172A5420010218A /* Debug */ = {
			isa = XCBuildConfiguration;
			baseConfigurationReference = 922FAA465DBA68F23A0C1545 /* Pods-PruebaTests.debug.xcconfig */;
			buildSettings = {
				ALWAYS_EMBED_SWIFT_STANDARD_LIBRARIES = YES;
				BUNDLE_LOADER = "$(TEST_HOST)";
				CODE_SIGN_STYLE = Automatic;
				INFOPLIST_FILE = PruebaTests/Info.plist;
				LD_RUNPATH_SEARCH_PATHS = (
					"$(inherited)",
					"@executable_path/Frameworks",
					"@loader_path/Frameworks",
				);
				PRODUCT_BUNDLE_IDENTIFIER = com.juancarlosgarcia.PruebaTests;
				PRODUCT_NAME = "$(TARGET_NAME)";
				SWIFT_VERSION = 4.2;
				TARGETED_DEVICE_FAMILY = "1,2";
				TEST_HOST = "$(BUILT_PRODUCTS_DIR)/Prueba.app/Prueba";
			};
			name = Debug;
		};
		7DBD7F002172A5420010218A /* Release */ = {
			isa = XCBuildConfiguration;
			baseConfigurationReference = 8F693F59B6D23F736351DEB5 /* Pods-PruebaTests.release.xcconfig */;
			buildSettings = {
				ALWAYS_EMBED_SWIFT_STANDARD_LIBRARIES = YES;
				BUNDLE_LOADER = "$(TEST_HOST)";
				CODE_SIGN_STYLE = Automatic;
				INFOPLIST_FILE = PruebaTests/Info.plist;
				LD_RUNPATH_SEARCH_PATHS = (
					"$(inherited)",
					"@executable_path/Frameworks",
					"@loader_path/Frameworks",
				);
				PRODUCT_BUNDLE_IDENTIFIER = com.juancarlosgarcia.PruebaTests;
				PRODUCT_NAME = "$(TARGET_NAME)";
				SWIFT_VERSION = 4.2;
				TARGETED_DEVICE_FAMILY = "1,2";
				TEST_HOST = "$(BUILT_PRODUCTS_DIR)/Prueba.app/Prueba";
			};
			name = Release;
		};
/* End XCBuildConfiguration section */

/* Begin XCConfigurationList section */
		7DBD7ED92172A5410010218A /* Build configuration list for PBXProject "Prueba" */ = {
			isa = XCConfigurationList;
			buildConfigurations = (
				7DBD7EF92172A5420010218A /* Debug */,
				7DBD7EFA2172A5420010218A /* Release */,
			);
			defaultConfigurationIsVisible = 0;
			defaultConfigurationName = Release;
		};
		7DBD7EFB2172A5420010218A /* Build configuration list for PBXNativeTarget "Prueba" */ = {
			isa = XCConfigurationList;
			buildConfigurations = (
				7DBD7EFC2172A5420010218A /* Debug */,
				7DBD7EFD2172A5420010218A /* Release */,
			);
			defaultConfigurationIsVisible = 0;
			defaultConfigurationName = Release;
		};
		7DBD7EFE2172A5420010218A /* Build configuration list for PBXNativeTarget "PruebaTests" */ = {
			isa = XCConfigurationList;
			buildConfigurations = (
				7DBD7EFF2172A5420010218A /* Debug */,
				7DBD7F002172A5420010218A /* Release */,
			);
			defaultConfigurationIsVisible = 0;
			defaultConfigurationName = Release;
		};
/* End XCConfigurationList section */
	};
	rootObject = 7DBD7ED62172A5400010218A /* Project object */;
}
